
Microsoft Visual Studio Solution File, Format Version 12.00
# Visual Studio Version 17
VisualStudioVersion = 17.9.34607.119
MinimumVisualStudioVersion = 10.0.40219.1
Project("{FAE04EC0-301F-11D3-BF4B-00C04F79EFBC}") = "Lab2", "Lab2.csproj", "{D7D71093-8932-4FD9-B67F-BCF7872D367B}"
EndProject
Global
	GlobalSection(SolutionConfigurationPlatforms) = preSolution
		Debug|Any CPU = Debug|Any CPU
		Release|Any CPU = Release|Any CPU
	EndGlobalSection
	GlobalSection(ProjectConfigurationPlatforms) = postSolution
		{D7D71093-8932-4FD9-B67F-BCF7872D367B}.Debug|Any CPU.ActiveCfg = Debug|Any CPU
		{D7D71093-8932-4FD9-B67F-BCF7872D367B}.Debug|Any CPU.Build.0 = Debug|Any CPU
		{D7D71093-8932-4FD9-B67F-BCF7872D367B}.Release|Any CPU.ActiveCfg = Release|Any CPU
		{D7D71093-8932-4FD9-B67F-BCF7872D367B}.Release|Any CPU.Build.0 = Release|Any CPU
	EndGlobalSection
	GlobalSection(SolutionProperties) = preSolution
		HideSolutionNode = FALSE
	EndGlobalSection
	GlobalSection(ExtensibilityGlobals) = postSolution
		SolutionGuid = {56D75166-8EE0-4477-8253-20D9B66A4907}
	EndGlobalSection
EndGlobal
